// !$*UTF8*$!
{
	archiveVersion = 1;
	classes = {
	};
	objectVersion = 50;
	objects = {

/* Begin PBXBuildFile section */
		2CAFB0E825597EE400BE3CED /* AppDelegate.swift in Sources */ = {isa = PBXBuildFile; fileRef = 2CAFB0E725597EE400BE3CED /* AppDelegate.swift */; };
		2CAFB0EA25597EE400BE3CED /* SceneDelegate.swift in Sources */ = {isa = PBXBuildFile; fileRef = 2CAFB0E925597EE400BE3CED /* SceneDelegate.swift */; };
		2CAFB0EC25597EE400BE3CED /* ViewController.swift in Sources */ = {isa = PBXBuildFile; fileRef = 2CAFB0EB25597EE400BE3CED /* ViewController.swift */; };
		2CAFB0EF25597EE400BE3CED /* Main.storyboard in Resources */ = {isa = PBXBuildFile; fileRef = 2CAFB0ED25597EE400BE3CED /* Main.storyboard */; };
		2CAFB0F125597EE600BE3CED /* Assets.xcassets in Resources */ = {isa = PBXBuildFile; fileRef = 2CAFB0F025597EE600BE3CED /* Assets.xcassets */; };
		2CAFB0F425597EE600BE3CED /* LaunchScreen.storyboard in Resources */ = {isa = PBXBuildFile; fileRef = 2CAFB0F225597EE600BE3CED /* LaunchScreen.storyboard */; };
/* End PBXBuildFile section */

/* Begin PBXFileReference section */
		2CAFB0E425597EE400BE3CED /* ConfigureDelegate.app */ = {isa = PBXFileReference; explicitFileType = wrapper.application; includeInIndex = 0; path = ConfigureDelegate.app; sourceTree = BUILT_PRODUCTS_DIR; };
		2CAFB0E725597EE400BE3CED /* AppDelegate.swift */ = {isa = PBXFileReference; lastKnownFileType = sourcecode.swift; path = AppDelegate.swift; sourceTree = "<group>"; };
		2CAFB0E925597EE400BE3CED /* SceneDelegate.swift */ = {isa = PBXFileReference; lastKnownFileType = sourcecode.swift; path = SceneDelegate.swift; sourceTree = "<group>"; };
		2CAFB0EB25597EE400BE3CED /* ViewController.swift */ = {isa = PBXFileReference; lastKnownFileType = sourcecode.swift; path = ViewController.swift; sourceTree = "<group>"; };
		2CAFB0EE25597EE400BE3CED /* Base */ = {isa = PBXFileReference; lastKnownFileType = file.storyboard; name = Base; path = Base.lproj/Main.storyboard; sourceTree = "<group>"; };
		2CAFB0F025597EE600BE3CED /* Assets.xcassets */ = {isa = PBXFileReference; lastKnownFileType = folder.assetcatalog; path = Assets.xcassets; sourceTree = "<group>"; };
		2CAFB0F325597EE600BE3CED /* Base */ = {isa = PBXFileReference; lastKnownFileType = file.storyboard; name = Base; path = Base.lproj/LaunchScreen.storyboard; sourceTree = "<group>"; };
		2CAFB0F525597EE600BE3CED /* Info.plist */ = {isa = PBXFileReference; lastKnownFileType = text.plist.xml; path = Info.plist; sourceTree = "<group>"; };
/* End PBXFileReference section */

/* Begin PBXFrameworksBuildPhase section */
		2CAFB0E125597EE400BE3CED /* Frameworks */ = {
			isa = PBXFrameworksBuildPhase;
			buildActionMask = 2147483647;
			files = (
			);
			runOnlyForDeploymentPostprocessing = 0;
		};
/* End PBXFrameworksBuildPhase section */

/* Begin PBXGroup section */
		2CAFB0DB25597EE400BE3CED = {
			isa = PBXGroup;
			children = (
				2CAFB0E625597EE400BE3CED /* ConfigureDelegate */,
				2CAFB0E525597EE400BE3CED /* Products */,
			);
			sourceTree = "<group>";
		};
		2CAFB0E525597EE400BE3CED /* Products */ = {
			isa = PBXGroup;
			children = (
				2CAFB0E425597EE400BE3CED /* ConfigureDelegate.app */,
			);
			name = Products;
			sourceTree = "<group>";
		};
		2CAFB0E625597EE400BE3CED /* ConfigureDelegate */ = {
			isa = PBXGroup;
			children = (
				2CAFB0E725597EE400BE3CED /* AppDelegate.swift */,
				2CAFB0E925597EE400BE3CED /* SceneDelegate.swift */,
				2CAFB0EB25597EE400BE3CED /* ViewController.swift */,
				2CAFB0ED25597EE400BE3CED /* Main.storyboard */,
				2CAFB0F025597EE600BE3CED /* Assets.xcassets */,
				2CAFB0F225597EE600BE3CED /* LaunchScreen.storyboard */,
				2CAFB0F525597EE600BE3CED /* Info.plist */,
			);
			path = ConfigureDelegate;
			sourceTree = "<group>";
		};
/* End PBXGroup section */

/* Begin PBXNativeTarget section */
		2CAFB0E325597EE400BE3CED /* ConfigureDelegate */ = {
			isa = PBXNativeTarget;
			buildConfigurationList = 2CAFB0F825597EE600BE3CED /* Build configuration list for PBXNativeTarget "ConfigureDelegate" */;
			buildPhases = (
				2CAFB0E025597EE400BE3CED /* Sources */,
				2CAFB0E125597EE400BE3CED /* Frameworks */,
				2CAFB0E225597EE400BE3CED /* Resources */,
			);
			buildRules = (
			);
			dependencies = (
			);
			name = ConfigureDelegate;
			productName = ConfigureDelegate;
			productReference = 2CAFB0E425597EE400BE3CED /* ConfigureDelegate.app */;
			productType = "com.apple.product-type.application";
		};
/* End PBXNativeTarget section */

/* Begin PBXProject section */
		2CAFB0DC25597EE400BE3CED /* Project object */ = {
			isa = PBXProject;
			attributes = {
				LastSwiftUpdateCheck = 1210;
				LastUpgradeCheck = 1210;
				TargetAttributes = {
					2CAFB0E325597EE400BE3CED = {
						CreatedOnToolsVersion = 12.1;
					};
				};
			};
			buildConfigurationList = 2CAFB0DF25597EE400BE3CED /* Build configuration list for PBXProject "ConfigureDelegate" */;
			compatibilityVersion = "Xcode 9.3";
			developmentRegion = en;
			hasScannedForEncodings = 0;
			knownRegions = (
				en,
				Base,
			);
			mainGroup = 2CAFB0DB25597EE400BE3CED;
			productRefGroup = 2CAFB0E525597EE400BE3CED /* Products */;
			projectDirPath = "";
			projectRoot = "";
			targets = (
				2CAFB0E325597EE400BE3CED /* ConfigureDelegate */,
			);
		};
/* End PBXProject section */

/* Begin PBXResourcesBuildPhase section */
		2CAFB0E225597EE400BE3CED /* Resources */ = {
			isa = PBXResourcesBuildPhase;
			buildActionMask = 2147483647;
			files = (
				2CAFB0F425597EE600BE3CED /* LaunchScreen.storyboard in Resources */,
				2CAFB0F125597EE600BE3CED /* Assets.xcassets in Resources */,
				2CAFB0EF25597EE400BE3CED /* Main.storyboard in Resources */,
			);
			runOnlyForDeploymentPostprocessing = 0;
		};
/* End PBXResourcesBuildPhase section */

/* Begin PBXSourcesBuildPhase section */
		2CAFB0E025597EE400BE3CED /* Sources */ = {
			isa = PBXSourcesBuildPhase;
			buildActionMask = 2147483647;
			files = (
				2CAFB0EC25597EE400BE3CED /* ViewController.swift in Sources */,
				2CAFB0E825597EE400BE3CED /* AppDelegate.swift in Sources */,
				2CAFB0EA25597EE400BE3CED /* SceneDelegate.swift in Sources */,
			);
			runOnlyForDeploymentPostprocessing = 0;
		};
/* End PBXSourcesBuildPhase section */

/* Begin PBXVariantGroup section */
		2CAFB0ED25597EE400BE3CED /* Main.storyboard */ = {
			isa = PBXVariantGroup;
			children = (
				2CAFB0EE25597EE400BE3CED /* Base */,
			);
			name = Main.storyboard;
			sourceTree = "<group>";
		};
		2CAFB0F225597EE600BE3CED /* LaunchScreen.storyboard */ = {
			isa = PBXVariantGroup;
			children = (
				2CAFB0F325597EE600BE3CED /* Base */,
			);
			name = LaunchScreen.storyboard;
			sourceTree = "<group>";
		};
/* End PBXVariantGroup section */

/* Begin XCBuildConfiguration section */
		2CAFB0F625597EE600BE3CED /* Debug */ = {
			isa = XCBuildConfiguration;
			buildSettings = {
				ALWAYS_SEARCH_USER_PATHS = NO;
				CLANG_ANALYZER_NONNULL = YES;
				CLANG_ANALYZER_NUMBER_OBJECT_CONVERSION = YES_AGGRESSIVE;
				CLANG_CXX_LANGUAGE_STANDARD = "gnu++14";
				CLANG_CXX_LIBRARY = "libc++";
				CLANG_ENABLE_MODULES = YES;
				CLANG_ENABLE_OBJC_ARC = YES;
				CLANG_ENABLE_OBJC_WEAK = YES;
				CLANG_WARN_BLOCK_CAPTURE_AUTORELEASING = YES;
				CLANG_WARN_BOOL_CONVERSION = YES;
				CLANG_WARN_COMMA = YES;
				CLANG_WARN_CONSTANT_CONVERSION = YES;
				CLANG_WARN_DEPRECATED_OBJC_IMPLEMENTATIONS = YES;
				CLANG_WARN_DIRECT_OBJC_ISA_USAGE = YES_ERROR;
				CLANG_WARN_DOCUMENTATION_COMMENTS = YES;
				CLANG_WARN_EMPTY_BODY = YES;
				CLANG_WARN_ENUM_CONVERSION = YES;
				CLANG_WARN_INFINITE_RECURSION = YES;
				CLANG_WARN_INT_CONVERSION = YES;
				CLANG_WARN_NON_LITERAL_NULL_CONVERSION = YES;
				CLANG_WARN_OBJC_IMPLICIT_RETAIN_SELF = YES;
				CLANG_WARN_OBJC_LITERAL_CONVERSION = YES;
				CLANG_WARN_OBJC_ROOT_CLASS = YES_ERROR;
				CLANG_WARN_QUOTED_INCLUDE_IN_FRAMEWORK_HEADER = YES;
				CLANG_WARN_RANGE_LOOP_ANALYSIS = YES;
				CLANG_WARN_STRICT_PROTOTYPES = YES;
				CLANG_WARN_SUSPICIOUS_MOVE = YES;
				CLANG_WARN_UNGUARDED_AVAILABILITY = YES_AGGRESSIVE;
				CLANG_WARN_UNREACHABLE_CODE = YES;
				CLANG_WARN__DUPLICATE_METHOD_MATCH = YES;
				COPY_PHASE_STRIP = NO;
				DEBUG_INFORMATION_FORMAT = dwarf;
				ENABLE_STRICT_OBJC_MSGSEND = YES;
				ENABLE_TESTABILITY = YES;
				GCC_C_LANGUAGE_STANDARD = gnu11;
				GCC_DYNAMIC_NO_PIC = NO;
				GCC_NO_COMMON_BLOCKS = YES;
				GCC_OPTIMIZATION_LEVEL = 0;
				GCC_PREPROCESSOR_DEFINITIONS = (
					"DEBUG=1",
					"$(inherited)",
				);
				GCC_WARN_64_TO_32_BIT_CONVERSION = YES;
				GCC_WARN_ABOUT_RETURN_TYPE = YES_ERROR;
				GCC_WARN_UNDECLARED_SELECTOR = YES;
				GCC_WARN_UNINITIALIZED_AUTOS = YES_AGGRESSIVE;
				GCC_WARN_UNUSED_FUNCTION = YES;
				GCC_WARN_UNUSED_VARIABLE = YES;
				IPHONEOS_DEPLOYMENT_TARGET = 14.1;
				MTL_ENABLE_DEBUG_INFO = INCLUDE_SOURCE;
				MTL_FAST_MATH = YES;
				ONLY_ACTIVE_ARCH = YES;
				SDKROOT = iphoneos;
				SWIFT_ACTIVE_COMPILATION_CONDITIONS = DEBUG;
				SWIFT_OPTIMIZATION_LEVEL = "-Onone";
			};
			name = Debug;
		};
		2CAFB0F725597EE600BE3CED /* Release */ = {
			isa = XCBuildConfiguration;
			buildSettings = {
				ALWAYS_SEARCH_USER_PATHS = NO;
				CLANG_ANALYZER_NONNULL = YES;
				CLANG_ANALYZER_NUMBER_OBJECT_CONVERSION = YES_AGGRESSIVE;
				CLANG_CXX_LANGUAGE_STANDARD = "gnu++14";
				CLANG_CXX_LIBRARY = "libc++";
				CLANG_ENABLE_MODULES = YES;
				CLANG_ENABLE_OBJC_ARC = YES;
				CLANG_ENABLE_OBJC_WEAK = YES;
				CLANG_WARN_BLOCK_CAPTURE_AUTORELEASING = YES;
				CLANG_WARN_BOOL_CONVERSION = YES;
				CLANG_WARN_COMMA = YES;
				CLANG_WARN_CONSTANT_CONVERSION = YES;
				CLANG_WARN_DEPRECATED_OBJC_IMPLEMENTATIONS = YES;
				CLANG_WARN_DIRECT_OBJC_ISA_USAGE = YES_ERROR;
				CLANG_WARN_DOCUMENTATION_COMMENTS = YES;
				CLANG_WARN_EMPTY_BODY = YES;
				CLANG_WARN_ENUM_CONVERSION = YES;
				CLANG_WARN_INFINITE_RECURSION = YES;
				CLANG_WARN_INT_CONVERSION = YES;
				CLANG_WARN_NON_LITERAL_NULL_CONVERSION = YES;
				CLANG_WARN_OBJC_IMPLICIT_RETAIN_SELF = YES;
				CLANG_WARN_OBJC_LITERAL_CONVERSION = YES;
				CLANG_WARN_OBJC_ROOT_CLASS = YES_ERROR;
				CLANG_WARN_QUOTED_INCLUDE_IN_FRAMEWORK_HEADER = YES;
				CLANG_WARN_RANGE_LOOP_ANALYSIS = YES;
				CLANG_WARN_STRICT_PROTOTYPES = YES;
				CLANG_WARN_SUSPICIOUS_MOVE = YES;
				CLANG_WARN_UNGUARDED_AVAILABILITY = YES_AGGRESSIVE;
				CLANG_WARN_UNREACHABLE_CODE = YES;
				CLANG_WARN__DUPLICATE_METHOD_MATCH = YES;
				COPY_PHASE_STRIP = NO;
				DEBUG_INFORMATION_FORMAT = "dwarf-with-dsym";
				ENABLE_NS_ASSERTIONS = NO;
				ENABLE_STRICT_OBJC_MSGSEND = YES;
				GCC_C_LANGUAGE_STANDARD = gnu11;
				GCC_NO_COMMON_BLOCKS = YES;
				GCC_WARN_64_TO_32_BIT_CONVERSION = YES;
				GCC_WARN_ABOUT_RETURN_TYPE = YES_ERROR;
				GCC_WARN_UNDECLARED_SELECTOR = YES;
				GCC_WARN_UNINITIALIZED_AUTOS = YES_AGGRESSIVE;
				GCC_WARN_UNUSED_FUNCTION = YES;
				GCC_WARN_UNUSED_VARIABLE = YES;
				IPHONEOS_DEPLOYMENT_TARGET = 14.1;
				MTL_ENABLE_DEBUG_INFO = NO;
				MTL_FAST_MATH = YES;
				SDKROOT = iphoneos;
				SWIFT_COMPILATION_MODE = wholemodule;
				SWIFT_OPTIMIZATION_LEVEL = "-O";
				VALIDATE_PRODUCT = YES;
			};
			name = Release;
		};
		2CAFB0F925597EE600BE3CED /* Debug */ = {
			isa = XCBuildConfiguration;
			buildSettings = {
				ASSETCATALOG_COMPILER_APPICON_NAME = AppIcon;
				ASSETCATALOG_COMPILER_GLOBAL_ACCENT_COLOR_NAME = AccentColor;
				CODE_SIGN_STYLE = Automatic;
				DEVELOPMENT_TEAM = NP2MGYX5PG;
				INFOPLIST_FILE = ConfigureDelegate/Info.plist;
				LD_RUNPATH_SEARCH_PATHS = (
					"$(inherited)",
					"@executable_path/Frameworks",
				);
				PRODUCT_BUNDLE_IDENTIFIER = Hyeongyu.ConfigureDelegate;
				PRODUCT_NAME = "$(TARGET_NAME)";
				SWIFT_VERSION = 5.0;
				TARGETED_DEVICE_FAMILY = "1,2";
			};
			name = Debug;
		};
		2CAFB0FA25597EE600BE3CED /* Release */ = {
			isa = XCBuildConfiguration;
			buildSettings = {
				ASSETCATALOG_COMPILER_APPICON_NAME = AppIcon;
				ASSETCATALOG_COMPILER_GLOBAL_ACCENT_COLOR_NAME = AccentColor;
				CODE_SIGN_STYLE = Automatic;
				DEVELOPMENT_TEAM = NP2MGYX5PG;
				INFOPLIST_FILE = ConfigureDelegate/Info.plist;
				LD_RUNPATH_SEARCH_PATHS = (
					"$(inherited)",
					"@executable_path/Frameworks",
				);
				PRODUCT_BUNDLE_IDENTIFIER = Hyeongyu.ConfigureDelegate;
				PRODUCT_NAME = "$(TARGET_NAME)";
				SWIFT_VERSION = 5.0;
				TARGETED_DEVICE_FAMILY = "1,2";
			};
			name = Release;
		};
/* End XCBuildConfiguration section */

/* Begin XCConfigurationList section */
		2CAFB0DF25597EE400BE3CED /* Build configuration list for PBXProject "ConfigureDelegate" */ = {
			isa = XCConfigurationList;
			buildConfigurations = (
				2CAFB0F625597EE600BE3CED /* Debug */,
				2CAFB0F725597EE600BE3CED /* Release */,
			);
			defaultConfigurationIsVisible = 0;
			defaultConfigurationName = Release;
		};
		2CAFB0F825597EE600BE3CED /* Build configuration list for PBXNativeTarget "ConfigureDelegate" */ = {
			isa = XCConfigurationList;
			buildConfigurations = (
				2CAFB0F925597EE600BE3CED /* Debug */,
				2CAFB0FA25597EE600BE3CED /* Release */,
			);
			defaultConfigurationIsVisible = 0;
			defaultConfigurationName = Release;
		};
/* End XCConfigurationList section */
	};
	rootObject = 2CAFB0DC25597EE400BE3CED /* Project object */;
}
