// !$*UTF8*$!
{
	archiveVersion = 1;
	classes = {
	};
	objectVersion = 51;
	objects = {

/* Begin PBXBuildFile section */
		2C94BA1F258338B4008F260C /* Location.swift in Sources */ = {isa = PBXBuildFile; fileRef = 2C94BA1E258338B4008F260C /* Location.swift */; };
		2CB48AD42583557A00F39099 /* Main.storyboard in Resources */ = {isa = PBXBuildFile; fileRef = 2CB48AD32583557A00F39099 /* Main.storyboard */; };
		2CF759F4257E023000BA6044 /* AppDelegate.swift in Sources */ = {isa = PBXBuildFile; fileRef = 2CF759F3257E023000BA6044 /* AppDelegate.swift */; };
		2CF759F6257E023000BA6044 /* SceneDelegate.swift in Sources */ = {isa = PBXBuildFile; fileRef = 2CF759F5257E023000BA6044 /* SceneDelegate.swift */; };
		2CF759F8257E023000BA6044 /* SearchViewController.swift in Sources */ = {isa = PBXBuildFile; fileRef = 2CF759F7257E023000BA6044 /* SearchViewController.swift */; };
		2CF759FB257E023000BA6044 /* MainBoard.storyboard in Resources */ = {isa = PBXBuildFile; fileRef = 2CF759F9257E023000BA6044 /* MainBoard.storyboard */; };
		2CF759FD257E023100BA6044 /* Assets.xcassets in Resources */ = {isa = PBXBuildFile; fileRef = 2CF759FC257E023100BA6044 /* Assets.xcassets */; };
		2CF75A00257E023100BA6044 /* LaunchScreen.storyboard in Resources */ = {isa = PBXBuildFile; fileRef = 2CF759FE257E023100BA6044 /* LaunchScreen.storyboard */; };
		2CF75A0D257E02F700BA6044 /* weatherModel.swift in Sources */ = {isa = PBXBuildFile; fileRef = 2CF75A0C257E02F700BA6044 /* weatherModel.swift */; };
		2CF75A13257E031600BA6044 /* binder.swift in Sources */ = {isa = PBXBuildFile; fileRef = 2CF75A12257E031600BA6044 /* binder.swift */; };
		2CF75A16257E0DEB00BA6044 /* weatherViewModel.swift in Sources */ = {isa = PBXBuildFile; fileRef = 2CF75A15257E0DEB00BA6044 /* weatherViewModel.swift */; };
		2CF75A1A257E0E0D00BA6044 /* DetailWeatherViewController.swift in Sources */ = {isa = PBXBuildFile; fileRef = 2CF75A19257E0E0D00BA6044 /* DetailWeatherViewController.swift */; };
		2CF75A1E257E0E2400BA6044 /* LocationListViewController.swift in Sources */ = {isa = PBXBuildFile; fileRef = 2CF75A1D257E0E2400BA6044 /* LocationListViewController.swift */; };
		3FD874830FADF140D9E28B30 /* libPods-BasicWeatherApp iOS.a in Frameworks */ = {isa = PBXBuildFile; fileRef = 42C1DB6CBDDA7E6EC5697960 /* libPods-BasicWeatherApp iOS.a */; };
/* End PBXBuildFile section */

/* Begin PBXFileReference section */
		2C94BA1E258338B4008F260C /* Location.swift */ = {isa = PBXFileReference; lastKnownFileType = sourcecode.swift; path = Location.swift; sourceTree = "<group>"; };
		2CB48AD32583557A00F39099 /* Main.storyboard */ = {isa = PBXFileReference; lastKnownFileType = file.storyboard; path = Main.storyboard; sourceTree = "<group>"; };
		2CF759F0257E023000BA6044 /* BasicWeatherApp iOS.app */ = {isa = PBXFileReference; explicitFileType = wrapper.application; includeInIndex = 0; path = "BasicWeatherApp iOS.app"; sourceTree = BUILT_PRODUCTS_DIR; };
		2CF759F3257E023000BA6044 /* AppDelegate.swift */ = {isa = PBXFileReference; lastKnownFileType = sourcecode.swift; path = AppDelegate.swift; sourceTree = "<group>"; };
		2CF759F5257E023000BA6044 /* SceneDelegate.swift */ = {isa = PBXFileReference; lastKnownFileType = sourcecode.swift; path = SceneDelegate.swift; sourceTree = "<group>"; };
		2CF759F7257E023000BA6044 /* SearchViewController.swift */ = {isa = PBXFileReference; lastKnownFileType = sourcecode.swift; path = SearchViewController.swift; sourceTree = "<group>"; };
		2CF759FA257E023000BA6044 /* Base */ = {isa = PBXFileReference; lastKnownFileType = file.storyboard; name = Base; path = Base.lproj/MainBoard.storyboard; sourceTree = "<group>"; };
		2CF759FC257E023100BA6044 /* Assets.xcassets */ = {isa = PBXFileReference; lastKnownFileType = folder.assetcatalog; path = Assets.xcassets; sourceTree = "<group>"; };
		2CF759FF257E023100BA6044 /* Base */ = {isa = PBXFileReference; lastKnownFileType = file.storyboard; name = Base; path = Base.lproj/LaunchScreen.storyboard; sourceTree = "<group>"; };
		2CF75A01257E023100BA6044 /* Info.plist */ = {isa = PBXFileReference; lastKnownFileType = text.plist.xml; path = Info.plist; sourceTree = "<group>"; };
		2CF75A0C257E02F700BA6044 /* weatherModel.swift */ = {isa = PBXFileReference; lastKnownFileType = sourcecode.swift; path = weatherModel.swift; sourceTree = "<group>"; };
		2CF75A12257E031600BA6044 /* binder.swift */ = {isa = PBXFileReference; lastKnownFileType = sourcecode.swift; path = binder.swift; sourceTree = "<group>"; };
		2CF75A15257E0DEB00BA6044 /* weatherViewModel.swift */ = {isa = PBXFileReference; lastKnownFileType = sourcecode.swift; path = weatherViewModel.swift; sourceTree = "<group>"; };
		2CF75A19257E0E0D00BA6044 /* DetailWeatherViewController.swift */ = {isa = PBXFileReference; lastKnownFileType = sourcecode.swift; path = DetailWeatherViewController.swift; sourceTree = "<group>"; };
		2CF75A1D257E0E2400BA6044 /* LocationListViewController.swift */ = {isa = PBXFileReference; lastKnownFileType = sourcecode.swift; path = LocationListViewController.swift; sourceTree = "<group>"; };
		42C1DB6CBDDA7E6EC5697960 /* libPods-BasicWeatherApp iOS.a */ = {isa = PBXFileReference; explicitFileType = archive.ar; includeInIndex = 0; path = "libPods-BasicWeatherApp iOS.a"; sourceTree = BUILT_PRODUCTS_DIR; };
		46A4A35E4AE6BA248D6BDF9F /* Pods-BasicWeatherApp iOS.release.xcconfig */ = {isa = PBXFileReference; includeInIndex = 1; lastKnownFileType = text.xcconfig; name = "Pods-BasicWeatherApp iOS.release.xcconfig"; path = "Target Support Files/Pods-BasicWeatherApp iOS/Pods-BasicWeatherApp iOS.release.xcconfig"; sourceTree = "<group>"; };
		800DD2BAF7853D5839AEDEB3 /* Pods-BasicWeatherApp iOS.debug.xcconfig */ = {isa = PBXFileReference; includeInIndex = 1; lastKnownFileType = text.xcconfig; name = "Pods-BasicWeatherApp iOS.debug.xcconfig"; path = "Target Support Files/Pods-BasicWeatherApp iOS/Pods-BasicWeatherApp iOS.debug.xcconfig"; sourceTree = "<group>"; };
/* End PBXFileReference section */

/* Begin PBXFrameworksBuildPhase section */
		2CF759ED257E023000BA6044 /* Frameworks */ = {
			isa = PBXFrameworksBuildPhase;
			buildActionMask = 2147483647;
			files = (
				3FD874830FADF140D9E28B30 /* libPods-BasicWeatherApp iOS.a in Frameworks */,
			);
			runOnlyForDeploymentPostprocessing = 0;
		};
/* End PBXFrameworksBuildPhase section */

/* Begin PBXGroup section */
		079A4CDE47C2F338801AAC57 /* Pods */ = {
			isa = PBXGroup;
			children = (
				800DD2BAF7853D5839AEDEB3 /* Pods-BasicWeatherApp iOS.debug.xcconfig */,
				46A4A35E4AE6BA248D6BDF9F /* Pods-BasicWeatherApp iOS.release.xcconfig */,
			);
			path = Pods;
			sourceTree = "<group>";
		};
		2CB48AD62583558500F39099 /* StoryBoard */ = {
			isa = PBXGroup;
			children = (
				2CB48AD32583557A00F39099 /* Main.storyboard */,
				2CF759F9257E023000BA6044 /* MainBoard.storyboard */,
			);
			path = StoryBoard;
			sourceTree = "<group>";
		};
		2CF759E7257E023000BA6044 = {
			isa = PBXGroup;
			children = (
				2CF759F2257E023000BA6044 /* BasicWeatherApp iOS */,
				2CF759F1257E023000BA6044 /* Products */,
				079A4CDE47C2F338801AAC57 /* Pods */,
				3664A657C6BEBE9737BFBED0 /* Frameworks */,
			);
			sourceTree = "<group>";
		};
		2CF759F1257E023000BA6044 /* Products */ = {
			isa = PBXGroup;
			children = (
				2CF759F0257E023000BA6044 /* BasicWeatherApp iOS.app */,
			);
			name = Products;
			sourceTree = "<group>";
		};
		2CF759F2257E023000BA6044 /* BasicWeatherApp iOS */ = {
			isa = PBXGroup;
			children = (
				2CF759F3257E023000BA6044 /* AppDelegate.swift */,
				2CF759F5257E023000BA6044 /* SceneDelegate.swift */,
				2CF75A0A257E02C900BA6044 /* Model */,
				2CF75A09257E02BE00BA6044 /* Utilities */,
				2CF75A0B257E02D700BA6044 /* ViewModel */,
				2CF75A08257E02B400BA6044 /* VC */,
				2CB48AD62583558500F39099 /* StoryBoard */,
				2CF759FC257E023100BA6044 /* Assets.xcassets */,
				2CF759FE257E023100BA6044 /* LaunchScreen.storyboard */,
				2CF75A01257E023100BA6044 /* Info.plist */,
			);
			path = "BasicWeatherApp iOS";
			sourceTree = "<group>";
		};
		2CF75A08257E02B400BA6044 /* VC */ = {
			isa = PBXGroup;
			children = (
				2CF75A19257E0E0D00BA6044 /* DetailWeatherViewController.swift */,
				2CF75A1D257E0E2400BA6044 /* LocationListViewController.swift */,
				2CF759F7257E023000BA6044 /* SearchViewController.swift */,
			);
			path = VC;
			sourceTree = "<group>";
		};
		2CF75A09257E02BE00BA6044 /* Utilities */ = {
			isa = PBXGroup;
			children = (
				2CF75A12257E031600BA6044 /* binder.swift */,
			);
			path = Utilities;
			sourceTree = "<group>";
		};
		2CF75A0A257E02C900BA6044 /* Model */ = {
			isa = PBXGroup;
			children = (
				2CF75A0C257E02F700BA6044 /* weatherModel.swift */,
				2C94BA1E258338B4008F260C /* Location.swift */,
			);
			path = Model;
			sourceTree = "<group>";
		};
		2CF75A0B257E02D700BA6044 /* ViewModel */ = {
			isa = PBXGroup;
			children = (
				2CF75A15257E0DEB00BA6044 /* weatherViewModel.swift */,
			);
			path = ViewModel;
			sourceTree = "<group>";
		};
		3664A657C6BEBE9737BFBED0 /* Frameworks */ = {
			isa = PBXGroup;
			children = (
				42C1DB6CBDDA7E6EC5697960 /* libPods-BasicWeatherApp iOS.a */,
			);
			name = Frameworks;
			sourceTree = "<group>";
		};
/* End PBXGroup section */

/* Begin PBXNativeTarget section */
		2CF759EF257E023000BA6044 /* BasicWeatherApp iOS */ = {
			isa = PBXNativeTarget;
			buildConfigurationList = 2CF75A04257E023100BA6044 /* Build configuration list for PBXNativeTarget "BasicWeatherApp iOS" */;
			buildPhases = (
				2F6119133131AB572B30A4D6 /* [CP] Check Pods Manifest.lock */,
				2CF759EC257E023000BA6044 /* Sources */,
				2CF759ED257E023000BA6044 /* Frameworks */,
				2CF759EE257E023000BA6044 /* Resources */,
				6F3C1EE8F20AE8AE9C8398A4 /* [CP] Copy Pods Resources */,
			);
			buildRules = (
			);
			dependencies = (
			);
			name = "BasicWeatherApp iOS";
			productName = "BasicWeatherApp iOS";
			productReference = 2CF759F0257E023000BA6044 /* BasicWeatherApp iOS.app */;
			productType = "com.apple.product-type.application";
		};
/* End PBXNativeTarget section */

/* Begin PBXProject section */
		2CF759E8257E023000BA6044 /* Project object */ = {
			isa = PBXProject;
			attributes = {
				LastSwiftUpdateCheck = 1220;
				LastUpgradeCheck = 1220;
				TargetAttributes = {
					2CF759EF257E023000BA6044 = {
						CreatedOnToolsVersion = 12.2;
					};
				};
			};
			buildConfigurationList = 2CF759EB257E023000BA6044 /* Build configuration list for PBXProject "BasicWeatherApp iOS" */;
			compatibilityVersion = "Xcode 9.3";
			developmentRegion = en;
			hasScannedForEncodings = 0;
			knownRegions = (
				en,
				Base,
			);
			mainGroup = 2CF759E7257E023000BA6044;
			productRefGroup = 2CF759F1257E023000BA6044 /* Products */;
			projectDirPath = "";
			projectRoot = "";
			targets = (
				2CF759EF257E023000BA6044 /* BasicWeatherApp iOS */,
			);
		};
/* End PBXProject section */

/* Begin PBXResourcesBuildPhase section */
		2CF759EE257E023000BA6044 /* Resources */ = {
			isa = PBXResourcesBuildPhase;
			buildActionMask = 2147483647;
			files = (
				2CB48AD42583557A00F39099 /* Main.storyboard in Resources */,
				2CF75A00257E023100BA6044 /* LaunchScreen.storyboard in Resources */,
				2CF759FD257E023100BA6044 /* Assets.xcassets in Resources */,
				2CF759FB257E023000BA6044 /* MainBoard.storyboard in Resources */,
			);
			runOnlyForDeploymentPostprocessing = 0;
		};
/* End PBXResourcesBuildPhase section */

/* Begin PBXShellScriptBuildPhase section */
		2F6119133131AB572B30A4D6 /* [CP] Check Pods Manifest.lock */ = {
			isa = PBXShellScriptBuildPhase;
			buildActionMask = 2147483647;
			files = (
			);
			inputFileListPaths = (
			);
			inputPaths = (
				"${PODS_PODFILE_DIR_PATH}/Podfile.lock",
				"${PODS_ROOT}/Manifest.lock",
			);
			name = "[CP] Check Pods Manifest.lock";
			outputFileListPaths = (
			);
			outputPaths = (
				"$(DERIVED_FILE_DIR)/Pods-BasicWeatherApp iOS-checkManifestLockResult.txt",
			);
			runOnlyForDeploymentPostprocessing = 0;
			shellPath = /bin/sh;
			shellScript = "diff \"${PODS_PODFILE_DIR_PATH}/Podfile.lock\" \"${PODS_ROOT}/Manifest.lock\" > /dev/null\nif [ $? != 0 ] ; then\n    # print error to STDERR\n    echo \"error: The sandbox is not in sync with the Podfile.lock. Run 'pod install' or update your CocoaPods installation.\" >&2\n    exit 1\nfi\n# This output is used by Xcode 'outputs' to avoid re-running this script phase.\necho \"SUCCESS\" > \"${SCRIPT_OUTPUT_FILE_0}\"\n";
			showEnvVarsInLog = 0;
		};
		6F3C1EE8F20AE8AE9C8398A4 /* [CP] Copy Pods Resources */ = {
			isa = PBXShellScriptBuildPhase;
			buildActionMask = 2147483647;
			files = (
			);
			inputFileListPaths = (
				"${PODS_ROOT}/Target Support Files/Pods-BasicWeatherApp iOS/Pods-BasicWeatherApp iOS-resources-${CONFIGURATION}-input-files.xcfilelist",
			);
			name = "[CP] Copy Pods Resources";
			outputFileListPaths = (
				"${PODS_ROOT}/Target Support Files/Pods-BasicWeatherApp iOS/Pods-BasicWeatherApp iOS-resources-${CONFIGURATION}-output-files.xcfilelist",
			);
			runOnlyForDeploymentPostprocessing = 0;
			shellPath = /bin/sh;
			shellScript = "\"${PODS_ROOT}/Target Support Files/Pods-BasicWeatherApp iOS/Pods-BasicWeatherApp iOS-resources.sh\"\n";
			showEnvVarsInLog = 0;
		};
/* End PBXShellScriptBuildPhase section */

/* Begin PBXSourcesBuildPhase section */
		2CF759EC257E023000BA6044 /* Sources */ = {
			isa = PBXSourcesBuildPhase;
			buildActionMask = 2147483647;
			files = (
				2CF759F8257E023000BA6044 /* SearchViewController.swift in Sources */,
				2CF759F4257E023000BA6044 /* AppDelegate.swift in Sources */,
				2CF75A1E257E0E2400BA6044 /* LocationListViewController.swift in Sources */,
				2CF759F6257E023000BA6044 /* SceneDelegate.swift in Sources */,
				2C94BA1F258338B4008F260C /* Location.swift in Sources */,
				2CF75A0D257E02F700BA6044 /* weatherModel.swift in Sources */,
				2CF75A13257E031600BA6044 /* binder.swift in Sources */,
				2CF75A16257E0DEB00BA6044 /* weatherViewModel.swift in Sources */,
				2CF75A1A257E0E0D00BA6044 /* DetailWeatherViewController.swift in Sources */,
			);
			runOnlyForDeploymentPostprocessing = 0;
		};
/* End PBXSourcesBuildPhase section */

/* Begin PBXVariantGroup section */
		2CF759F9257E023000BA6044 /* MainBoard.storyboard */ = {
			isa = PBXVariantGroup;
			children = (
				2CF759FA257E023000BA6044 /* Base */,
			);
			name = MainBoard.storyboard;
			sourceTree = "<group>";
		};
		2CF759FE257E023100BA6044 /* LaunchScreen.storyboard */ = {
			isa = PBXVariantGroup;
			children = (
				2CF759FF257E023100BA6044 /* Base */,
			);
			name = LaunchScreen.storyboard;
			sourceTree = "<group>";
		};
/* End PBXVariantGroup section */

/* Begin XCBuildConfiguration section */
		2CF75A02257E023100BA6044 /* Debug */ = {
			isa = XCBuildConfiguration;
			buildSettings = {
				ALWAYS_SEARCH_USER_PATHS = NO;
				CLANG_ANALYZER_NONNULL = YES;
				CLANG_ANALYZER_NUMBER_OBJECT_CONVERSION = YES_AGGRESSIVE;
				CLANG_CXX_LANGUAGE_STANDARD = "gnu++14";
				CLANG_CXX_LIBRARY = "libc++";
				CLANG_ENABLE_MODULES = YES;
				CLANG_ENABLE_OBJC_ARC = YES;
				CLANG_ENABLE_OBJC_WEAK = YES;
				CLANG_WARN_BLOCK_CAPTURE_AUTORELEASING = YES;
				CLANG_WARN_BOOL_CONVERSION = YES;
				CLANG_WARN_COMMA = YES;
				CLANG_WARN_CONSTANT_CONVERSION = YES;
				CLANG_WARN_DEPRECATED_OBJC_IMPLEMENTATIONS = YES;
				CLANG_WARN_DIRECT_OBJC_ISA_USAGE = YES_ERROR;
				CLANG_WARN_DOCUMENTATION_COMMENTS = YES;
				CLANG_WARN_EMPTY_BODY = YES;
				CLANG_WARN_ENUM_CONVERSION = YES;
				CLANG_WARN_INFINITE_RECURSION = YES;
				CLANG_WARN_INT_CONVERSION = YES;
				CLANG_WARN_NON_LITERAL_NULL_CONVERSION = YES;
				CLANG_WARN_OBJC_IMPLICIT_RETAIN_SELF = YES;
				CLANG_WARN_OBJC_LITERAL_CONVERSION = YES;
				CLANG_WARN_OBJC_ROOT_CLASS = YES_ERROR;
				CLANG_WARN_QUOTED_INCLUDE_IN_FRAMEWORK_HEADER = YES;
				CLANG_WARN_RANGE_LOOP_ANALYSIS = YES;
				CLANG_WARN_STRICT_PROTOTYPES = YES;
				CLANG_WARN_SUSPICIOUS_MOVE = YES;
				CLANG_WARN_UNGUARDED_AVAILABILITY = YES_AGGRESSIVE;
				CLANG_WARN_UNREACHABLE_CODE = YES;
				CLANG_WARN__DUPLICATE_METHOD_MATCH = YES;
				COPY_PHASE_STRIP = NO;
				DEBUG_INFORMATION_FORMAT = dwarf;
				ENABLE_STRICT_OBJC_MSGSEND = YES;
				ENABLE_TESTABILITY = YES;
				GCC_C_LANGUAGE_STANDARD = gnu11;
				GCC_DYNAMIC_NO_PIC = NO;
				GCC_NO_COMMON_BLOCKS = YES;
				GCC_OPTIMIZATION_LEVEL = 0;
				GCC_PREPROCESSOR_DEFINITIONS = (
					"DEBUG=1",
					"$(inherited)",
				);
				GCC_WARN_64_TO_32_BIT_CONVERSION = YES;
				GCC_WARN_ABOUT_RETURN_TYPE = YES_ERROR;
				GCC_WARN_UNDECLARED_SELECTOR = YES;
				GCC_WARN_UNINITIALIZED_AUTOS = YES_AGGRESSIVE;
				GCC_WARN_UNUSED_FUNCTION = YES;
				GCC_WARN_UNUSED_VARIABLE = YES;
				IPHONEOS_DEPLOYMENT_TARGET = 14.2;
				MTL_ENABLE_DEBUG_INFO = INCLUDE_SOURCE;
				MTL_FAST_MATH = YES;
				ONLY_ACTIVE_ARCH = YES;
				SDKROOT = iphoneos;
				SWIFT_ACTIVE_COMPILATION_CONDITIONS = DEBUG;
				SWIFT_OPTIMIZATION_LEVEL = "-Onone";
			};
			name = Debug;
		};
		2CF75A03257E023100BA6044 /* Release */ = {
			isa = XCBuildConfiguration;
			buildSettings = {
				ALWAYS_SEARCH_USER_PATHS = NO;
				CLANG_ANALYZER_NONNULL = YES;
				CLANG_ANALYZER_NUMBER_OBJECT_CONVERSION = YES_AGGRESSIVE;
				CLANG_CXX_LANGUAGE_STANDARD = "gnu++14";
				CLANG_CXX_LIBRARY = "libc++";
				CLANG_ENABLE_MODULES = YES;
				CLANG_ENABLE_OBJC_ARC = YES;
				CLANG_ENABLE_OBJC_WEAK = YES;
				CLANG_WARN_BLOCK_CAPTURE_AUTORELEASING = YES;
				CLANG_WARN_BOOL_CONVERSION = YES;
				CLANG_WARN_COMMA = YES;
				CLANG_WARN_CONSTANT_CONVERSION = YES;
				CLANG_WARN_DEPRECATED_OBJC_IMPLEMENTATIONS = YES;
				CLANG_WARN_DIRECT_OBJC_ISA_USAGE = YES_ERROR;
				CLANG_WARN_DOCUMENTATION_COMMENTS = YES;
				CLANG_WARN_EMPTY_BODY = YES;
				CLANG_WARN_ENUM_CONVERSION = YES;
				CLANG_WARN_INFINITE_RECURSION = YES;
				CLANG_WARN_INT_CONVERSION = YES;
				CLANG_WARN_NON_LITERAL_NULL_CONVERSION = YES;
				CLANG_WARN_OBJC_IMPLICIT_RETAIN_SELF = YES;
				CLANG_WARN_OBJC_LITERAL_CONVERSION = YES;
				CLANG_WARN_OBJC_ROOT_CLASS = YES_ERROR;
				CLANG_WARN_QUOTED_INCLUDE_IN_FRAMEWORK_HEADER = YES;
				CLANG_WARN_RANGE_LOOP_ANALYSIS = YES;
				CLANG_WARN_STRICT_PROTOTYPES = YES;
				CLANG_WARN_SUSPICIOUS_MOVE = YES;
				CLANG_WARN_UNGUARDED_AVAILABILITY = YES_AGGRESSIVE;
				CLANG_WARN_UNREACHABLE_CODE = YES;
				CLANG_WARN__DUPLICATE_METHOD_MATCH = YES;
				COPY_PHASE_STRIP = NO;
				DEBUG_INFORMATION_FORMAT = "dwarf-with-dsym";
				ENABLE_NS_ASSERTIONS = NO;
				ENABLE_STRICT_OBJC_MSGSEND = YES;
				GCC_C_LANGUAGE_STANDARD = gnu11;
				GCC_NO_COMMON_BLOCKS = YES;
				GCC_WARN_64_TO_32_BIT_CONVERSION = YES;
				GCC_WARN_ABOUT_RETURN_TYPE = YES_ERROR;
				GCC_WARN_UNDECLARED_SELECTOR = YES;
				GCC_WARN_UNINITIALIZED_AUTOS = YES_AGGRESSIVE;
				GCC_WARN_UNUSED_FUNCTION = YES;
				GCC_WARN_UNUSED_VARIABLE = YES;
				IPHONEOS_DEPLOYMENT_TARGET = 14.2;
				MTL_ENABLE_DEBUG_INFO = NO;
				MTL_FAST_MATH = YES;
				SDKROOT = iphoneos;
				SWIFT_COMPILATION_MODE = wholemodule;
				SWIFT_OPTIMIZATION_LEVEL = "-O";
				VALIDATE_PRODUCT = YES;
			};
			name = Release;
		};
		2CF75A05257E023100BA6044 /* Debug */ = {
			isa = XCBuildConfiguration;
			baseConfigurationReference = 800DD2BAF7853D5839AEDEB3 /* Pods-BasicWeatherApp iOS.debug.xcconfig */;
			buildSettings = {
				ASSETCATALOG_COMPILER_APPICON_NAME = AppIcon;
				ASSETCATALOG_COMPILER_GLOBAL_ACCENT_COLOR_NAME = AccentColor;
				CODE_SIGN_STYLE = Automatic;
				DEVELOPMENT_TEAM = NP2MGYX5PG;
				INFOPLIST_FILE = "BasicWeatherApp iOS/Info.plist";
				LD_RUNPATH_SEARCH_PATHS = (
					"$(inherited)",
					"@executable_path/Frameworks",
				);
				PRODUCT_BUNDLE_IDENTIFIER = "Hyeongyu.BasicWeatherApp-iOS";
				PRODUCT_NAME = "$(TARGET_NAME)";
				SWIFT_VERSION = 5.0;
				TARGETED_DEVICE_FAMILY = "1,2";
			};
			name = Debug;
		};
		2CF75A06257E023100BA6044 /* Release */ = {
			isa = XCBuildConfiguration;
			baseConfigurationReference = 46A4A35E4AE6BA248D6BDF9F /* Pods-BasicWeatherApp iOS.release.xcconfig */;
			buildSettings = {
				ASSETCATALOG_COMPILER_APPICON_NAME = AppIcon;
				ASSETCATALOG_COMPILER_GLOBAL_ACCENT_COLOR_NAME = AccentColor;
				CODE_SIGN_STYLE = Automatic;
				DEVELOPMENT_TEAM = NP2MGYX5PG;
				INFOPLIST_FILE = "BasicWeatherApp iOS/Info.plist";
				LD_RUNPATH_SEARCH_PATHS = (
					"$(inherited)",
					"@executable_path/Frameworks",
				);
				PRODUCT_BUNDLE_IDENTIFIER = "Hyeongyu.BasicWeatherApp-iOS";
				PRODUCT_NAME = "$(TARGET_NAME)";
				SWIFT_VERSION = 5.0;
				TARGETED_DEVICE_FAMILY = "1,2";
			};
			name = Release;
		};
/* End XCBuildConfiguration section */

/* Begin XCConfigurationList section */
		2CF759EB257E023000BA6044 /* Build configuration list for PBXProject "BasicWeatherApp iOS" */ = {
			isa = XCConfigurationList;
			buildConfigurations = (
				2CF75A02257E023100BA6044 /* Debug */,
				2CF75A03257E023100BA6044 /* Release */,
			);
			defaultConfigurationIsVisible = 0;
			defaultConfigurationName = Release;
		};
		2CF75A04257E023100BA6044 /* Build configuration list for PBXNativeTarget "BasicWeatherApp iOS" */ = {
			isa = XCConfigurationList;
			buildConfigurations = (
				2CF75A05257E023100BA6044 /* Debug */,
				2CF75A06257E023100BA6044 /* Release */,
			);
			defaultConfigurationIsVisible = 0;
			defaultConfigurationName = Release;
		};
/* End XCConfigurationList section */
	};
	rootObject = 2CF759E8257E023000BA6044 /* Project object */;
}
